
Microsoft Visual Studio Solution File, Format Version 12.00
# Visual Studio Version 17
VisualStudioVersion = 17.6.33815.320
MinimumVisualStudioVersion = 10.0.40219.1
Project("{FAE04EC0-301F-11D3-BF4B-00C04F79EFBC}") = "FitMatch-API", "FitMatch-API\FitMatch-API.csproj", "{2E3BE85B-2645-47F8-BC68-16FCCEFA8C2F}"
EndProject
Global
	GlobalSection(SolutionConfigurationPlatforms) = preSolution
		Debug|Any CPU = Debug|Any CPU
		Release|Any CPU = Release|Any CPU
	EndGlobalSection
	GlobalSection(ProjectConfigurationPlatforms) = postSolution
		{2E3BE85B-2645-47F8-BC68-16FCCEFA8C2F}.Debug|Any CPU.ActiveCfg = Debug|Any CPU
		{2E3BE85B-2645-47F8-BC68-16FCCEFA8C2F}.Debug|Any CPU.Build.0 = Debug|Any CPU
		{2E3BE85B-2645-47F8-BC68-16FCCEFA8C2F}.Release|Any CPU.ActiveCfg = Release|Any CPU
		{2E3BE85B-2645-47F8-BC68-16FCCEFA8C2F}.Release|Any CPU.Build.0 = Release|Any CPU
	EndGlobalSection
	GlobalSection(SolutionProperties) = preSolution
		HideSolutionNode = FALSE
	EndGlobalSection
	GlobalSection(ExtensibilityGlobals) = postSolution
		SolutionGuid = {30397E8E-65CB-4CD1-9F51-618DF649DD78}
	EndGlobalSection
EndGlobal
